
Microsoft Visual Studio Solution File, Format Version 12.00
# Visual Studio Version 16
VisualStudioVersion = 16.0.31702.278
MinimumVisualStudioVersion = 10.0.40219.1
Project("{9A19103F-16F7-4668-BE54-9A1E7A4F7556}") = "Microsoft.Azure.WebJobs.Extensions.WebPubSub", "src\Microsoft.Azure.WebJobs.Extensions.WebPubSub\Microsoft.Azure.WebJobs.Extensions.WebPubSub.csproj", "{D3F6A924-23C1-4983-9CF8-D505072554B5}"
EndProject
Project("{9A19103F-16F7-4668-BE54-9A1E7A4F7556}") = "SimpleChat-Trigger", "samples\simplechat\csharp\wpstrigger\SimpleChat-Trigger.csproj", "{FBA48C13-D9A2-444E-91C9-C390D83800B1}"
EndProject
Project("{2150E333-8FDC-42A3-9474-1A3956D46DE8}") = "src", "src", "{1AAC386C-108E-4F95-8BB3-2A183A024BF9}"
EndProject
Project("{2150E333-8FDC-42A3-9474-1A3956D46DE8}") = "samples", "samples", "{9F6B40A4-C90B-4F9F-A626-052EF2D8D5DA}"
EndProject
Project("{2150E333-8FDC-42A3-9474-1A3956D46DE8}") = "test", "test", "{C8F3737F-072B-4620-A7A2-A9EB3B51B6A1}"
EndProject
Project("{2150E333-8FDC-42A3-9474-1A3956D46DE8}") = "Solution Items", "Solution Items", "{3235B206-80DF-4E19-95F0-A3F03AC1601D}"
	ProjectSection(SolutionItems) = preProject
		Directory.Build.props = Directory.Build.props
	EndProjectSection
EndProject
Project("{9A19103F-16F7-4668-BE54-9A1E7A4F7556}") = "notifications", "samples\notification\notifications.csproj", "{B134D06E-B162-4518-BF3D-3EB10FD43672}"
EndProject
Project("{9A19103F-16F7-4668-BE54-9A1E7A4F7556}") = "Microsoft.Azure.WebJobs.Extensions.WebPubSub.Tests", "test\Microsoft.Azure.WebJobs.Extensions.WebPubSub.Tests\Microsoft.Azure.WebJobs.Extensions.WebPubSub.Tests.csproj", "{0C0511C8-B16E-42A5-9982-08EBC16CFD0E}"
EndProject
Project("{9A19103F-16F7-4668-BE54-9A1E7A4F7556}") = "Microsoft.Azure.WebPubSub.AspNetCore", "Microsoft.Azure.WebPubSub.AspNetCore\src\Microsoft.Azure.WebPubSub.AspNetCore.csproj", "{026D5168-BE58-4B8E-A095-2648F0743A63}"
EndProject
Project("{9A19103F-16F7-4668-BE54-9A1E7A4F7556}") = "Microsoft.Azure.WebPubSub.AspNetCore.Tests", "Microsoft.Azure.WebPubSub.AspNetCore\tests\Microsoft.Azure.WebPubSub.AspNetCore.Tests.csproj", "{CE112FA8-0462-4665-ABB3-22EAD891564C}"
EndProject
Project("{9A19103F-16F7-4668-BE54-9A1E7A4F7556}") = "SimpleChat-Input", "samples\simplechat\csharp\wpsrequest\SimpleChat-Input.csproj", "{3FD028D1-A0CE-43FB-9111-600A79188AFA}"
EndProject
Project("{9A19103F-16F7-4668-BE54-9A1E7A4F7556}") = "chatapp", "samples\chatapp\chatapp.csproj", "{40003E4A-08EC-4B08-A6C1-D4E66A768584}"
EndProject
Global
	GlobalSection(SolutionConfigurationPlatforms) = preSolution
		Debug|Any CPU = Debug|Any CPU
		Release|Any CPU = Release|Any CPU
	EndGlobalSection
	GlobalSection(ProjectConfigurationPlatforms) = postSolution
		{D3F6A924-23C1-4983-9CF8-D505072554B5}.Debug|Any CPU.ActiveCfg = Debug|Any CPU
		{D3F6A924-23C1-4983-9CF8-D505072554B5}.Debug|Any CPU.Build.0 = Debug|Any CPU
		{D3F6A924-23C1-4983-9CF8-D505072554B5}.Release|Any CPU.ActiveCfg = Release|Any CPU
		{D3F6A924-23C1-4983-9CF8-D505072554B5}.Release|Any CPU.Build.0 = Release|Any CPU
		{FBA48C13-D9A2-444E-91C9-C390D83800B1}.Debug|Any CPU.ActiveCfg = Debug|Any CPU
		{FBA48C13-D9A2-444E-91C9-C390D83800B1}.Debug|Any CPU.Build.0 = Debug|Any CPU
		{FBA48C13-D9A2-444E-91C9-C390D83800B1}.Release|Any CPU.ActiveCfg = Release|Any CPU
		{FBA48C13-D9A2-444E-91C9-C390D83800B1}.Release|Any CPU.Build.0 = Release|Any CPU
		{B134D06E-B162-4518-BF3D-3EB10FD43672}.Debug|Any CPU.ActiveCfg = Debug|Any CPU
		{B134D06E-B162-4518-BF3D-3EB10FD43672}.Debug|Any CPU.Build.0 = Debug|Any CPU
		{B134D06E-B162-4518-BF3D-3EB10FD43672}.Release|Any CPU.ActiveCfg = Release|Any CPU
		{B134D06E-B162-4518-BF3D-3EB10FD43672}.Release|Any CPU.Build.0 = Release|Any CPU
		{0C0511C8-B16E-42A5-9982-08EBC16CFD0E}.Debug|Any CPU.ActiveCfg = Debug|Any CPU
		{0C0511C8-B16E-42A5-9982-08EBC16CFD0E}.Debug|Any CPU.Build.0 = Debug|Any CPU
		{0C0511C8-B16E-42A5-9982-08EBC16CFD0E}.Release|Any CPU.ActiveCfg = Release|Any CPU
		{0C0511C8-B16E-42A5-9982-08EBC16CFD0E}.Release|Any CPU.Build.0 = Release|Any CPU
		{026D5168-BE58-4B8E-A095-2648F0743A63}.Debug|Any CPU.ActiveCfg = Debug|Any CPU
		{026D5168-BE58-4B8E-A095-2648F0743A63}.Debug|Any CPU.Build.0 = Debug|Any CPU
		{026D5168-BE58-4B8E-A095-2648F0743A63}.Release|Any CPU.ActiveCfg = Release|Any CPU
		{026D5168-BE58-4B8E-A095-2648F0743A63}.Release|Any CPU.Build.0 = Release|Any CPU
		{CE112FA8-0462-4665-ABB3-22EAD891564C}.Debug|Any CPU.ActiveCfg = Debug|Any CPU
		{CE112FA8-0462-4665-ABB3-22EAD891564C}.Debug|Any CPU.Build.0 = Debug|Any CPU
		{CE112FA8-0462-4665-ABB3-22EAD891564C}.Release|Any CPU.ActiveCfg = Release|Any CPU
		{CE112FA8-0462-4665-ABB3-22EAD891564C}.Release|Any CPU.Build.0 = Release|Any CPU
		{3FD028D1-A0CE-43FB-9111-600A79188AFA}.Debug|Any CPU.ActiveCfg = Debug|Any CPU
		{3FD028D1-A0CE-43FB-9111-600A79188AFA}.Debug|Any CPU.Build.0 = Debug|Any CPU
		{3FD028D1-A0CE-43FB-9111-600A79188AFA}.Release|Any CPU.ActiveCfg = Release|Any CPU
		{3FD028D1-A0CE-43FB-9111-600A79188AFA}.Release|Any CPU.Build.0 = Release|Any CPU
		{40003E4A-08EC-4B08-A6C1-D4E66A768584}.Debug|Any CPU.ActiveCfg = Debug|Any CPU
		{40003E4A-08EC-4B08-A6C1-D4E66A768584}.Debug|Any CPU.Build.0 = Debug|Any CPU
		{40003E4A-08EC-4B08-A6C1-D4E66A768584}.Release|Any CPU.ActiveCfg = Release|Any CPU
		{40003E4A-08EC-4B08-A6C1-D4E66A768584}.Release|Any CPU.Build.0 = Release|Any CPU
	EndGlobalSection
	GlobalSection(SolutionProperties) = preSolution
		HideSolutionNode = FALSE
	EndGlobalSection
	GlobalSection(NestedProjects) = preSolution
		{D3F6A924-23C1-4983-9CF8-D505072554B5} = {1AAC386C-108E-4F95-8BB3-2A183A024BF9}
		{FBA48C13-D9A2-444E-91C9-C390D83800B1} = {9F6B40A4-C90B-4F9F-A626-052EF2D8D5DA}
		{B134D06E-B162-4518-BF3D-3EB10FD43672} = {9F6B40A4-C90B-4F9F-A626-052EF2D8D5DA}
		{0C0511C8-B16E-42A5-9982-08EBC16CFD0E} = {C8F3737F-072B-4620-A7A2-A9EB3B51B6A1}
		{3FD028D1-A0CE-43FB-9111-600A79188AFA} = {9F6B40A4-C90B-4F9F-A626-052EF2D8D5DA}
		{40003E4A-08EC-4B08-A6C1-D4E66A768584} = {9F6B40A4-C90B-4F9F-A626-052EF2D8D5DA}
	EndGlobalSection
	GlobalSection(ExtensibilityGlobals) = postSolution
		SolutionGuid = {19CE8259-F856-463A-9D49-40FB11B6C68C}
	EndGlobalSection
EndGlobal
